// !$*UTF8*$!
{
	archiveVersion = 1;
	classes = {
	};
	objectVersion = 48;
	objects = {

/* Begin PBXBuildFile section */
		0E666C371FED488300B7B1E5 /* MainVCTests.swift in Sources */ = {isa = PBXBuildFile; fileRef = 0E666C361FED488300B7B1E5 /* MainVCTests.swift */; };
		0E666C391FED4BE600B7B1E5 /* MainPresenter.swift in Sources */ = {isa = PBXBuildFile; fileRef = 0E666C381FED4BE600B7B1E5 /* MainPresenter.swift */; };
		0E666C3B1FED4BF200B7B1E5 /* MainUseCase.swift in Sources */ = {isa = PBXBuildFile; fileRef = 0E666C3A1FED4BF200B7B1E5 /* MainUseCase.swift */; };
		0E666C401FED5E8500B7B1E5 /* main.swift in Sources */ = {isa = PBXBuildFile; fileRef = 0E666C3F1FED5E8500B7B1E5 /* main.swift */; };
		0E666C451FED60A200B7B1E5 /* MainVC.swift in Sources */ = {isa = PBXBuildFile; fileRef = 0E666C431FED60A200B7B1E5 /* MainVC.swift */; };
		0E666C461FED60A200B7B1E5 /* MainVC.xib in Resources */ = {isa = PBXBuildFile; fileRef = 0E666C441FED60A200B7B1E5 /* MainVC.xib */; };
		0E666C4B1FED667E00B7B1E5 /* TestAppDelegateTests.swift in Sources */ = {isa = PBXBuildFile; fileRef = 0E666C4A1FED667E00B7B1E5 /* TestAppDelegateTests.swift */; };
		0E666C4E1FED6A4C00B7B1E5 /* MainPresenterTests.swift in Sources */ = {isa = PBXBuildFile; fileRef = 0E666C4D1FED6A4C00B7B1E5 /* MainPresenterTests.swift */; };
		0E666C501FED6B9F00B7B1E5 /* MainUseCaseTests.swift in Sources */ = {isa = PBXBuildFile; fileRef = 0E666C4F1FED6B9F00B7B1E5 /* MainUseCaseTests.swift */; };
		0E666C521FED706600B7B1E5 /* MainVCFactory.swift in Sources */ = {isa = PBXBuildFile; fileRef = 0E666C511FED706600B7B1E5 /* MainVCFactory.swift */; };
		0E666C541FED708600B7B1E5 /* MainVCFactoryTests.swift in Sources */ = {isa = PBXBuildFile; fileRef = 0E666C531FED708600B7B1E5 /* MainVCFactoryTests.swift */; };
		0E666C561FED7F6200B7B1E5 /* Content.swift in Sources */ = {isa = PBXBuildFile; fileRef = 0E666C551FED7F6200B7B1E5 /* Content.swift */; };
		0E712CA81FEAA247004C001B /* Nimble.framework in Frameworks */ = {isa = PBXBuildFile; fileRef = 0E712CA21FEA9F7E004C001B /* Nimble.framework */; };
		0E712CB01FEAAB72004C001B /* UICollectionView+Registable.swift in Sources */ = {isa = PBXBuildFile; fileRef = 0E712CAF1FEAAB72004C001B /* UICollectionView+Registable.swift */; };
		0E712CB31FEAAB94004C001B /* UICollectionView+RegistableTests.swift in Sources */ = {isa = PBXBuildFile; fileRef = 0E712CB21FEAAB94004C001B /* UICollectionView+RegistableTests.swift */; };
		0E712CB51FEAAC36004C001B /* TestAppDelegate.swift in Sources */ = {isa = PBXBuildFile; fileRef = 0E712CB41FEAAC36004C001B /* TestAppDelegate.swift */; };
		0EC2B6591FF0003C00AA53D6 /* ContentCell.swift in Sources */ = {isa = PBXBuildFile; fileRef = 0EC2B6571FF0003C00AA53D6 /* ContentCell.swift */; };
		0EC2B65A1FF0003C00AA53D6 /* ContentCell.xib in Resources */ = {isa = PBXBuildFile; fileRef = 0EC2B6581FF0003C00AA53D6 /* ContentCell.xib */; };
		0EC2B6641FF00D0800AA53D6 /* UIView+Find.swift in Sources */ = {isa = PBXBuildFile; fileRef = 0EC2B6631FF00D0800AA53D6 /* UIView+Find.swift */; };
		0EC2B6661FF00D1B00AA53D6 /* UIView+FindTests.swift in Sources */ = {isa = PBXBuildFile; fileRef = 0EC2B6651FF00D1B00AA53D6 /* UIView+FindTests.swift */; };
		0EC2B66C1FF0CFEF00AA53D6 /* ContentCellTests.swift in Sources */ = {isa = PBXBuildFile; fileRef = 0EC2B66B1FF0CFEF00AA53D6 /* ContentCellTests.swift */; };
		0EC2B66E1FF0D57E00AA53D6 /* ContentCellViewModel.swift in Sources */ = {isa = PBXBuildFile; fileRef = 0EC2B66D1FF0D57E00AA53D6 /* ContentCellViewModel.swift */; };
		0EC2B6701FF0D59600AA53D6 /* ContentCellViewModelTests.swift in Sources */ = {isa = PBXBuildFile; fileRef = 0EC2B66F1FF0D59600AA53D6 /* ContentCellViewModelTests.swift */; };
		0EC2B6721FF0F37F00AA53D6 /* ContentRepository.swift in Sources */ = {isa = PBXBuildFile; fileRef = 0EC2B6711FF0F37F00AA53D6 /* ContentRepository.swift */; };
		0EC2B6741FF0FC1E00AA53D6 /* ContentRepositoryTests.swift in Sources */ = {isa = PBXBuildFile; fileRef = 0EC2B6731FF0FC1E00AA53D6 /* ContentRepositoryTests.swift */; };
		0EEA11321FEA9B5D001E326C /* AppDelegate.swift in Sources */ = {isa = PBXBuildFile; fileRef = 0EEA11311FEA9B5D001E326C /* AppDelegate.swift */; };
		0EEA11391FEA9B5D001E326C /* Assets.xcassets in Resources */ = {isa = PBXBuildFile; fileRef = 0EEA11381FEA9B5D001E326C /* Assets.xcassets */; };
		0EEA113C1FEA9B5D001E326C /* LaunchScreen.storyboard in Resources */ = {isa = PBXBuildFile; fileRef = 0EEA113A1FEA9B5D001E326C /* LaunchScreen.storyboard */; };
/* End PBXBuildFile section */

/* Begin PBXContainerItemProxy section */
		0EEA11431FEA9B5D001E326C /* PBXContainerItemProxy */ = {
			isa = PBXContainerItemProxy;
			containerPortal = 0EEA11261FEA9B5D001E326C /* Project object */;
			proxyType = 1;
			remoteGlobalIDString = 0EEA112D1FEA9B5D001E326C;
			remoteInfo = TDDSample;
		};
/* End PBXContainerItemProxy section */

/* Begin PBXFileReference section */
		0E666C361FED488300B7B1E5 /* MainVCTests.swift */ = {isa = PBXFileReference; lastKnownFileType = sourcecode.swift; path = MainVCTests.swift; sourceTree = "<group>"; };
		0E666C381FED4BE600B7B1E5 /* MainPresenter.swift */ = {isa = PBXFileReference; lastKnownFileType = sourcecode.swift; path = MainPresenter.swift; sourceTree = "<group>"; };
		0E666C3A1FED4BF200B7B1E5 /* MainUseCase.swift */ = {isa = PBXFileReference; lastKnownFileType = sourcecode.swift; path = MainUseCase.swift; sourceTree = "<group>"; };
		0E666C3F1FED5E8500B7B1E5 /* main.swift */ = {isa = PBXFileReference; lastKnownFileType = sourcecode.swift; path = main.swift; sourceTree = "<group>"; };
		0E666C431FED60A200B7B1E5 /* MainVC.swift */ = {isa = PBXFileReference; lastKnownFileType = sourcecode.swift; path = MainVC.swift; sourceTree = "<group>"; };
		0E666C441FED60A200B7B1E5 /* MainVC.xib */ = {isa = PBXFileReference; lastKnownFileType = file.xib; path = MainVC.xib; sourceTree = "<group>"; };
		0E666C4A1FED667E00B7B1E5 /* TestAppDelegateTests.swift */ = {isa = PBXFileReference; lastKnownFileType = sourcecode.swift; path = TestAppDelegateTests.swift; sourceTree = "<group>"; };
		0E666C4D1FED6A4C00B7B1E5 /* MainPresenterTests.swift */ = {isa = PBXFileReference; lastKnownFileType = sourcecode.swift; path = MainPresenterTests.swift; sourceTree = "<group>"; };
		0E666C4F1FED6B9F00B7B1E5 /* MainUseCaseTests.swift */ = {isa = PBXFileReference; lastKnownFileType = sourcecode.swift; path = MainUseCaseTests.swift; sourceTree = "<group>"; };
		0E666C511FED706600B7B1E5 /* MainVCFactory.swift */ = {isa = PBXFileReference; lastKnownFileType = sourcecode.swift; path = MainVCFactory.swift; sourceTree = "<group>"; };
		0E666C531FED708600B7B1E5 /* MainVCFactoryTests.swift */ = {isa = PBXFileReference; lastKnownFileType = sourcecode.swift; path = MainVCFactoryTests.swift; sourceTree = "<group>"; };
		0E666C551FED7F6200B7B1E5 /* Content.swift */ = {isa = PBXFileReference; lastKnownFileType = sourcecode.swift; path = Content.swift; sourceTree = "<group>"; };
		0E712CA21FEA9F7E004C001B /* Nimble.framework */ = {isa = PBXFileReference; lastKnownFileType = wrapper.framework; name = Nimble.framework; path = Carthage/Build/iOS/Nimble.framework; sourceTree = "<group>"; };
		0E712CAF1FEAAB72004C001B /* UICollectionView+Registable.swift */ = {isa = PBXFileReference; lastKnownFileType = sourcecode.swift; path = "UICollectionView+Registable.swift"; sourceTree = "<group>"; };
		0E712CB21FEAAB94004C001B /* UICollectionView+RegistableTests.swift */ = {isa = PBXFileReference; lastKnownFileType = sourcecode.swift; path = "UICollectionView+RegistableTests.swift"; sourceTree = "<group>"; };
		0E712CB41FEAAC36004C001B /* TestAppDelegate.swift */ = {isa = PBXFileReference; lastKnownFileType = sourcecode.swift; path = TestAppDelegate.swift; sourceTree = "<group>"; };
		0EC2B6571FF0003C00AA53D6 /* ContentCell.swift */ = {isa = PBXFileReference; lastKnownFileType = sourcecode.swift; path = ContentCell.swift; sourceTree = "<group>"; };
		0EC2B6581FF0003C00AA53D6 /* ContentCell.xib */ = {isa = PBXFileReference; lastKnownFileType = file.xib; path = ContentCell.xib; sourceTree = "<group>"; };
		0EC2B6631FF00D0800AA53D6 /* UIView+Find.swift */ = {isa = PBXFileReference; lastKnownFileType = sourcecode.swift; path = "UIView+Find.swift"; sourceTree = "<group>"; };
		0EC2B6651FF00D1B00AA53D6 /* UIView+FindTests.swift */ = {isa = PBXFileReference; lastKnownFileType = sourcecode.swift; path = "UIView+FindTests.swift"; sourceTree = "<group>"; };
		0EC2B66B1FF0CFEF00AA53D6 /* ContentCellTests.swift */ = {isa = PBXFileReference; fileEncoding = 4; lastKnownFileType = sourcecode.swift; path = ContentCellTests.swift; sourceTree = "<group>"; };
		0EC2B66D1FF0D57E00AA53D6 /* ContentCellViewModel.swift */ = {isa = PBXFileReference; lastKnownFileType = sourcecode.swift; path = ContentCellViewModel.swift; sourceTree = "<group>"; };
		0EC2B66F1FF0D59600AA53D6 /* ContentCellViewModelTests.swift */ = {isa = PBXFileReference; lastKnownFileType = sourcecode.swift; path = ContentCellViewModelTests.swift; sourceTree = "<group>"; };
		0EC2B6711FF0F37F00AA53D6 /* ContentRepository.swift */ = {isa = PBXFileReference; lastKnownFileType = sourcecode.swift; path = ContentRepository.swift; sourceTree = "<group>"; };
		0EC2B6731FF0FC1E00AA53D6 /* ContentRepositoryTests.swift */ = {isa = PBXFileReference; lastKnownFileType = sourcecode.swift; path = ContentRepositoryTests.swift; sourceTree = "<group>"; };
		0EEA112E1FEA9B5D001E326C /* TDDSample.app */ = {isa = PBXFileReference; explicitFileType = wrapper.application; includeInIndex = 0; path = TDDSample.app; sourceTree = BUILT_PRODUCTS_DIR; };
		0EEA11311FEA9B5D001E326C /* AppDelegate.swift */ = {isa = PBXFileReference; lastKnownFileType = sourcecode.swift; path = AppDelegate.swift; sourceTree = "<group>"; };
		0EEA11381FEA9B5D001E326C /* Assets.xcassets */ = {isa = PBXFileReference; lastKnownFileType = folder.assetcatalog; path = Assets.xcassets; sourceTree = "<group>"; };
		0EEA113B1FEA9B5D001E326C /* Base */ = {isa = PBXFileReference; lastKnownFileType = file.storyboard; name = Base; path = Base.lproj/LaunchScreen.storyboard; sourceTree = "<group>"; };
		0EEA113D1FEA9B5D001E326C /* Info.plist */ = {isa = PBXFileReference; lastKnownFileType = text.plist.xml; path = Info.plist; sourceTree = "<group>"; };
		0EEA11421FEA9B5D001E326C /* TDDSampleTests.xctest */ = {isa = PBXFileReference; explicitFileType = wrapper.cfbundle; includeInIndex = 0; path = TDDSampleTests.xctest; sourceTree = BUILT_PRODUCTS_DIR; };
		0EEA11481FEA9B5D001E326C /* Info.plist */ = {isa = PBXFileReference; lastKnownFileType = text.plist.xml; path = Info.plist; sourceTree = "<group>"; };
/* End PBXFileReference section */

/* Begin PBXFrameworksBuildPhase section */
		0EEA112B1FEA9B5D001E326C /* Frameworks */ = {
			isa = PBXFrameworksBuildPhase;
			buildActionMask = 2147483647;
			files = (
			);
			runOnlyForDeploymentPostprocessing = 0;
		};
		0EEA113F1FEA9B5D001E326C /* Frameworks */ = {
			isa = PBXFrameworksBuildPhase;
			buildActionMask = 2147483647;
			files = (
				0E712CA81FEAA247004C001B /* Nimble.framework in Frameworks */,
			);
			runOnlyForDeploymentPostprocessing = 0;
		};
/* End PBXFrameworksBuildPhase section */

/* Begin PBXGroup section */
		0E666C471FED635500B7B1E5 /* AppDelegate */ = {
			isa = PBXGroup;
			children = (
				0EEA11311FEA9B5D001E326C /* AppDelegate.swift */,
				0E712CB41FEAAC36004C001B /* TestAppDelegate.swift */,
			);
			path = AppDelegate;
			sourceTree = "<group>";
		};
		0E666C481FED635F00B7B1E5 /* Main */ = {
			isa = PBXGroup;
			children = (
				0E666C511FED706600B7B1E5 /* MainVCFactory.swift */,
				0E666C441FED60A200B7B1E5 /* MainVC.xib */,
				0E666C431FED60A200B7B1E5 /* MainVC.swift */,
				0E666C381FED4BE600B7B1E5 /* MainPresenter.swift */,
				0E666C3A1FED4BF200B7B1E5 /* MainUseCase.swift */,
			);
			path = Main;
			sourceTree = "<group>";
		};
		0E666C491FED666900B7B1E5 /* AppDelegate */ = {
			isa = PBXGroup;
			children = (
				0E666C4A1FED667E00B7B1E5 /* TestAppDelegateTests.swift */,
			);
			path = AppDelegate;
			sourceTree = "<group>";
		};
		0E666C4C1FED6A3900B7B1E5 /* Main */ = {
			isa = PBXGroup;
			children = (
				0E666C531FED708600B7B1E5 /* MainVCFactoryTests.swift */,
				0E666C361FED488300B7B1E5 /* MainVCTests.swift */,
				0E666C4D1FED6A4C00B7B1E5 /* MainPresenterTests.swift */,
				0E666C4F1FED6B9F00B7B1E5 /* MainUseCaseTests.swift */,
			);
			path = Main;
			sourceTree = "<group>";
		};
		0E712CA11FEA9F7D004C001B /* Frameworks */ = {
			isa = PBXGroup;
			children = (
				0E712CA21FEA9F7E004C001B /* Nimble.framework */,
			);
			name = Frameworks;
			sourceTree = "<group>";
		};
		0E712CAD1FEAA4A1004C001B /* SupportingFiles */ = {
			isa = PBXGroup;
			children = (
				0EEA11381FEA9B5D001E326C /* Assets.xcassets */,
				0EEA113A1FEA9B5D001E326C /* LaunchScreen.storyboard */,
				0EEA113D1FEA9B5D001E326C /* Info.plist */,
				0E666C3F1FED5E8500B7B1E5 /* main.swift */,
			);
			path = SupportingFiles;
			sourceTree = "<group>";
		};
		0E712CAE1FEAAB46004C001B /* Extension */ = {
			isa = PBXGroup;
			children = (
				0E712CAF1FEAAB72004C001B /* UICollectionView+Registable.swift */,
				0EC2B6631FF00D0800AA53D6 /* UIView+Find.swift */,
			);
			path = Extension;
			sourceTree = "<group>";
		};
		0E712CB11FEAAB7C004C001B /* Extension */ = {
			isa = PBXGroup;
			children = (
				0E712CB21FEAAB94004C001B /* UICollectionView+RegistableTests.swift */,
				0EC2B6651FF00D1B00AA53D6 /* UIView+FindTests.swift */,
			);
			path = Extension;
			sourceTree = "<group>";
		};
		0EC2B65F1FF009C800AA53D6 /* Content */ = {
			isa = PBXGroup;
			children = (
				0E666C551FED7F6200B7B1E5 /* Content.swift */,
				0EC2B6711FF0F37F00AA53D6 /* ContentRepository.swift */,
				0EC2B66D1FF0D57E00AA53D6 /* ContentCellViewModel.swift */,
				0EC2B6571FF0003C00AA53D6 /* ContentCell.swift */,
				0EC2B6581FF0003C00AA53D6 /* ContentCell.xib */,
			);
			path = Content;
			sourceTree = "<group>";
		};
		0EC2B6601FF009E300AA53D6 /* Content */ = {
			isa = PBXGroup;
			children = (
				0EC2B6731FF0FC1E00AA53D6 /* ContentRepositoryTests.swift */,
				0EC2B66F1FF0D59600AA53D6 /* ContentCellViewModelTests.swift */,
				0EC2B66B1FF0CFEF00AA53D6 /* ContentCellTests.swift */,
			);
			path = Content;
			sourceTree = "<group>";
		};
		0EEA11251FEA9B5D001E326C = {
			isa = PBXGroup;
			children = (
				0EEA11301FEA9B5D001E326C /* TDDSample */,
				0EEA11451FEA9B5D001E326C /* TDDSampleTests */,
				0EEA112F1FEA9B5D001E326C /* Products */,
				0E712CA11FEA9F7D004C001B /* Frameworks */,
			);
			sourceTree = "<group>";
		};
		0EEA112F1FEA9B5D001E326C /* Products */ = {
			isa = PBXGroup;
			children = (
				0EEA112E1FEA9B5D001E326C /* TDDSample.app */,
				0EEA11421FEA9B5D001E326C /* TDDSampleTests.xctest */,
			);
			name = Products;
			sourceTree = "<group>";
		};
		0EEA11301FEA9B5D001E326C /* TDDSample */ = {
			isa = PBXGroup;
			children = (
				0E666C471FED635500B7B1E5 /* AppDelegate */,
				0EC2B65F1FF009C800AA53D6 /* Content */,
				0E666C481FED635F00B7B1E5 /* Main */,
				0E712CAE1FEAAB46004C001B /* Extension */,
				0E712CAD1FEAA4A1004C001B /* SupportingFiles */,
			);
			path = TDDSample;
			sourceTree = "<group>";
		};
		0EEA11451FEA9B5D001E326C /* TDDSampleTests */ = {
			isa = PBXGroup;
			children = (
				0EC2B6601FF009E300AA53D6 /* Content */,
				0E666C491FED666900B7B1E5 /* AppDelegate */,
				0E666C4C1FED6A3900B7B1E5 /* Main */,
				0E712CB11FEAAB7C004C001B /* Extension */,
				0EEA11481FEA9B5D001E326C /* Info.plist */,
			);
			path = TDDSampleTests;
			sourceTree = "<group>";
		};
/* End PBXGroup section */

/* Begin PBXNativeTarget section */
		0EEA112D1FEA9B5D001E326C /* TDDSample */ = {
			isa = PBXNativeTarget;
			buildConfigurationList = 0EEA114B1FEA9B5D001E326C /* Build configuration list for PBXNativeTarget "TDDSample" */;
			buildPhases = (
				0EEA112A1FEA9B5D001E326C /* Sources */,
				0EEA112B1FEA9B5D001E326C /* Frameworks */,
				0EEA112C1FEA9B5D001E326C /* Resources */,
			);
			buildRules = (
			);
			dependencies = (
			);
			name = TDDSample;
			productName = TDDSample;
			productReference = 0EEA112E1FEA9B5D001E326C /* TDDSample.app */;
			productType = "com.apple.product-type.application";
		};
		0EEA11411FEA9B5D001E326C /* TDDSampleTests */ = {
			isa = PBXNativeTarget;
			buildConfigurationList = 0EEA114E1FEA9B5D001E326C /* Build configuration list for PBXNativeTarget "TDDSampleTests" */;
			buildPhases = (
				0EEA113E1FEA9B5D001E326C /* Sources */,
				0EEA113F1FEA9B5D001E326C /* Frameworks */,
				0EEA11401FEA9B5D001E326C /* Resources */,
				0E712CA51FEA9FAC004C001B /* Carthage Script */,
			);
			buildRules = (
			);
			dependencies = (
				0EEA11441FEA9B5D001E326C /* PBXTargetDependency */,
			);
			name = TDDSampleTests;
			productName = TDDSampleTests;
			productReference = 0EEA11421FEA9B5D001E326C /* TDDSampleTests.xctest */;
			productType = "com.apple.product-type.bundle.unit-test";
		};
/* End PBXNativeTarget section */

/* Begin PBXProject section */
		0EEA11261FEA9B5D001E326C /* Project object */ = {
			isa = PBXProject;
			attributes = {
				LastSwiftUpdateCheck = 0910;
				LastUpgradeCheck = 0910;
				ORGANIZATIONNAME = ysakui;
				TargetAttributes = {
					0EEA112D1FEA9B5D001E326C = {
						CreatedOnToolsVersion = 9.1;
						LastSwiftMigration = 0920;
						ProvisioningStyle = Automatic;
					};
					0EEA11411FEA9B5D001E326C = {
						CreatedOnToolsVersion = 9.1;
						ProvisioningStyle = Automatic;
						TestTargetID = 0EEA112D1FEA9B5D001E326C;
					};
				};
			};
			buildConfigurationList = 0EEA11291FEA9B5D001E326C /* Build configuration list for PBXProject "TDDSample" */;
			compatibilityVersion = "Xcode 8.0";
			developmentRegion = en;
			hasScannedForEncodings = 0;
			knownRegions = (
				en,
				Base,
			);
			mainGroup = 0EEA11251FEA9B5D001E326C;
			productRefGroup = 0EEA112F1FEA9B5D001E326C /* Products */;
			projectDirPath = "";
			projectRoot = "";
			targets = (
				0EEA112D1FEA9B5D001E326C /* TDDSample */,
				0EEA11411FEA9B5D001E326C /* TDDSampleTests */,
			);
		};
/* End PBXProject section */

/* Begin PBXResourcesBuildPhase section */
		0EEA112C1FEA9B5D001E326C /* Resources */ = {
			isa = PBXResourcesBuildPhase;
			buildActionMask = 2147483647;
			files = (
				0E666C461FED60A200B7B1E5 /* MainVC.xib in Resources */,
				0EEA113C1FEA9B5D001E326C /* LaunchScreen.storyboard in Resources */,
				0EEA11391FEA9B5D001E326C /* Assets.xcassets in Resources */,
				0EC2B65A1FF0003C00AA53D6 /* ContentCell.xib in Resources */,
			);
			runOnlyForDeploymentPostprocessing = 0;
		};
		0EEA11401FEA9B5D001E326C /* Resources */ = {
			isa = PBXResourcesBuildPhase;
			buildActionMask = 2147483647;
			files = (
			);
			runOnlyForDeploymentPostprocessing = 0;
		};
/* End PBXResourcesBuildPhase section */

/* Begin PBXShellScriptBuildPhase section */
		0E712CA51FEA9FAC004C001B /* Carthage Script */ = {
			isa = PBXShellScriptBuildPhase;
			buildActionMask = 2147483647;
			files = (
			);
			inputPaths = (
				"$(SRCROOT)/Carthage/Build/iOS/Nimble.framework",
			);
			name = "Carthage Script";
			outputPaths = (
			);
			runOnlyForDeploymentPostprocessing = 0;
			shellPath = /bin/sh;
			shellScript = "/usr/local/bin/carthage copy-frameworks";
		};
/* End PBXShellScriptBuildPhase section */

/* Begin PBXSourcesBuildPhase section */
		0EEA112A1FEA9B5D001E326C /* Sources */ = {
			isa = PBXSourcesBuildPhase;
			buildActionMask = 2147483647;
			files = (
				0E666C391FED4BE600B7B1E5 /* MainPresenter.swift in Sources */,
				0E666C401FED5E8500B7B1E5 /* main.swift in Sources */,
				0E712CB51FEAAC36004C001B /* TestAppDelegate.swift in Sources */,
				0E666C3B1FED4BF200B7B1E5 /* MainUseCase.swift in Sources */,
				0EC2B6591FF0003C00AA53D6 /* ContentCell.swift in Sources */,
				0E666C521FED706600B7B1E5 /* MainVCFactory.swift in Sources */,
				0E666C561FED7F6200B7B1E5 /* Content.swift in Sources */,
				0EC2B6721FF0F37F00AA53D6 /* ContentRepository.swift in Sources */,
				0E712CB01FEAAB72004C001B /* UICollectionView+Registable.swift in Sources */,
				0EC2B66E1FF0D57E00AA53D6 /* ContentCellViewModel.swift in Sources */,
				0EC2B6641FF00D0800AA53D6 /* UIView+Find.swift in Sources */,
				0EEA11321FEA9B5D001E326C /* AppDelegate.swift in Sources */,
				0E666C451FED60A200B7B1E5 /* MainVC.swift in Sources */,
			);
			runOnlyForDeploymentPostprocessing = 0;
		};
		0EEA113E1FEA9B5D001E326C /* Sources */ = {
			isa = PBXSourcesBuildPhase;
			buildActionMask = 2147483647;
			files = (
				0E712CB31FEAAB94004C001B /* UICollectionView+RegistableTests.swift in Sources */,
				0EC2B6661FF00D1B00AA53D6 /* UIView+FindTests.swift in Sources */,
				0E666C501FED6B9F00B7B1E5 /* MainUseCaseTests.swift in Sources */,
				0EC2B6701FF0D59600AA53D6 /* ContentCellViewModelTests.swift in Sources */,
				0E666C4B1FED667E00B7B1E5 /* TestAppDelegateTests.swift in Sources */,
				0E666C371FED488300B7B1E5 /* MainVCTests.swift in Sources */,
				0E666C541FED708600B7B1E5 /* MainVCFactoryTests.swift in Sources */,
				0E666C4E1FED6A4C00B7B1E5 /* MainPresenterTests.swift in Sources */,
				0EC2B66C1FF0CFEF00AA53D6 /* ContentCellTests.swift in Sources */,
				0EC2B6741FF0FC1E00AA53D6 /* ContentRepositoryTests.swift in Sources */,
			);
			runOnlyForDeploymentPostprocessing = 0;
		};
/* End PBXSourcesBuildPhase section */

/* Begin PBXTargetDependency section */
		0EEA11441FEA9B5D001E326C /* PBXTargetDependency */ = {
			isa = PBXTargetDependency;
			target = 0EEA112D1FEA9B5D001E326C /* TDDSample */;
			targetProxy = 0EEA11431FEA9B5D001E326C /* PBXContainerItemProxy */;
		};
/* End PBXTargetDependency section */

/* Begin PBXVariantGroup section */
		0EEA113A1FEA9B5D001E326C /* LaunchScreen.storyboard */ = {
			isa = PBXVariantGroup;
			children = (
				0EEA113B1FEA9B5D001E326C /* Base */,
			);
			name = LaunchScreen.storyboard;
			sourceTree = "<group>";
		};
/* End PBXVariantGroup section */

/* Begin XCBuildConfiguration section */
		0EEA11491FEA9B5D001E326C /* Debug */ = {
			isa = XCBuildConfiguration;
			buildSettings = {
				ALWAYS_SEARCH_USER_PATHS = NO;
				CLANG_ANALYZER_NONNULL = YES;
				CLANG_ANALYZER_NUMBER_OBJECT_CONVERSION = YES_AGGRESSIVE;
				CLANG_CXX_LANGUAGE_STANDARD = "gnu++14";
				CLANG_CXX_LIBRARY = "libc++";
				CLANG_ENABLE_MODULES = YES;
				CLANG_ENABLE_OBJC_ARC = YES;
				CLANG_WARN_BLOCK_CAPTURE_AUTORELEASING = YES;
				CLANG_WARN_BOOL_CONVERSION = YES;
				CLANG_WARN_COMMA = YES;
				CLANG_WARN_CONSTANT_CONVERSION = YES;
				CLANG_WARN_DIRECT_OBJC_ISA_USAGE = YES_ERROR;
				CLANG_WARN_DOCUMENTATION_COMMENTS = YES;
				CLANG_WARN_EMPTY_BODY = YES;
				CLANG_WARN_ENUM_CONVERSION = YES;
				CLANG_WARN_INFINITE_RECURSION = YES;
				CLANG_WARN_INT_CONVERSION = YES;
				CLANG_WARN_NON_LITERAL_NULL_CONVERSION = YES;
				CLANG_WARN_OBJC_LITERAL_CONVERSION = YES;
				CLANG_WARN_OBJC_ROOT_CLASS = YES_ERROR;
				CLANG_WARN_RANGE_LOOP_ANALYSIS = YES;
				CLANG_WARN_STRICT_PROTOTYPES = YES;
				CLANG_WARN_SUSPICIOUS_MOVE = YES;
				CLANG_WARN_UNGUARDED_AVAILABILITY = YES_AGGRESSIVE;
				CLANG_WARN_UNREACHABLE_CODE = YES;
				CLANG_WARN__DUPLICATE_METHOD_MATCH = YES;
				CODE_SIGN_IDENTITY = "iPhone Developer";
				COPY_PHASE_STRIP = NO;
				DEBUG_INFORMATION_FORMAT = dwarf;
				ENABLE_STRICT_OBJC_MSGSEND = YES;
				ENABLE_TESTABILITY = YES;
				GCC_C_LANGUAGE_STANDARD = gnu11;
				GCC_DYNAMIC_NO_PIC = NO;
				GCC_NO_COMMON_BLOCKS = YES;
				GCC_OPTIMIZATION_LEVEL = 0;
				GCC_PREPROCESSOR_DEFINITIONS = (
					"DEBUG=1",
					"$(inherited)",
				);
				GCC_WARN_64_TO_32_BIT_CONVERSION = YES;
				GCC_WARN_ABOUT_RETURN_TYPE = YES_ERROR;
				GCC_WARN_UNDECLARED_SELECTOR = YES;
				GCC_WARN_UNINITIALIZED_AUTOS = YES_AGGRESSIVE;
				GCC_WARN_UNUSED_FUNCTION = YES;
				GCC_WARN_UNUSED_VARIABLE = YES;
				IPHONEOS_DEPLOYMENT_TARGET = 11.1;
				MTL_ENABLE_DEBUG_INFO = YES;
				ONLY_ACTIVE_ARCH = YES;
				SDKROOT = iphoneos;
				SWIFT_ACTIVE_COMPILATION_CONDITIONS = DEBUG;
				SWIFT_OPTIMIZATION_LEVEL = "-Onone";
			};
			name = Debug;
		};
		0EEA114A1FEA9B5D001E326C /* Release */ = {
			isa = XCBuildConfiguration;
			buildSettings = {
				ALWAYS_SEARCH_USER_PATHS = NO;
				CLANG_ANALYZER_NONNULL = YES;
				CLANG_ANALYZER_NUMBER_OBJECT_CONVERSION = YES_AGGRESSIVE;
				CLANG_CXX_LANGUAGE_STANDARD = "gnu++14";
				CLANG_CXX_LIBRARY = "libc++";
				CLANG_ENABLE_MODULES = YES;
				CLANG_ENABLE_OBJC_ARC = YES;
				CLANG_WARN_BLOCK_CAPTURE_AUTORELEASING = YES;
				CLANG_WARN_BOOL_CONVERSION = YES;
				CLANG_WARN_COMMA = YES;
				CLANG_WARN_CONSTANT_CONVERSION = YES;
				CLANG_WARN_DIRECT_OBJC_ISA_USAGE = YES_ERROR;
				CLANG_WARN_DOCUMENTATION_COMMENTS = YES;
				CLANG_WARN_EMPTY_BODY = YES;
				CLANG_WARN_ENUM_CONVERSION = YES;
				CLANG_WARN_INFINITE_RECURSION = YES;
				CLANG_WARN_INT_CONVERSION = YES;
				CLANG_WARN_NON_LITERAL_NULL_CONVERSION = YES;
				CLANG_WARN_OBJC_LITERAL_CONVERSION = YES;
				CLANG_WARN_OBJC_ROOT_CLASS = YES_ERROR;
				CLANG_WARN_RANGE_LOOP_ANALYSIS = YES;
				CLANG_WARN_STRICT_PROTOTYPES = YES;
				CLANG_WARN_SUSPICIOUS_MOVE = YES;
				CLANG_WARN_UNGUARDED_AVAILABILITY = YES_AGGRESSIVE;
				CLANG_WARN_UNREACHABLE_CODE = YES;
				CLANG_WARN__DUPLICATE_METHOD_MATCH = YES;
				CODE_SIGN_IDENTITY = "iPhone Developer";
				COPY_PHASE_STRIP = NO;
				DEBUG_INFORMATION_FORMAT = "dwarf-with-dsym";
				ENABLE_NS_ASSERTIONS = NO;
				ENABLE_STRICT_OBJC_MSGSEND = YES;
				GCC_C_LANGUAGE_STANDARD = gnu11;
				GCC_NO_COMMON_BLOCKS = YES;
				GCC_WARN_64_TO_32_BIT_CONVERSION = YES;
				GCC_WARN_ABOUT_RETURN_TYPE = YES_ERROR;
				GCC_WARN_UNDECLARED_SELECTOR = YES;
				GCC_WARN_UNINITIALIZED_AUTOS = YES_AGGRESSIVE;
				GCC_WARN_UNUSED_FUNCTION = YES;
				GCC_WARN_UNUSED_VARIABLE = YES;
				IPHONEOS_DEPLOYMENT_TARGET = 11.1;
				MTL_ENABLE_DEBUG_INFO = NO;
				SDKROOT = iphoneos;
				SWIFT_OPTIMIZATION_LEVEL = "-Owholemodule";
				VALIDATE_PRODUCT = YES;
			};
			name = Release;
		};
		0EEA114C1FEA9B5D001E326C /* Debug */ = {
			isa = XCBuildConfiguration;
			buildSettings = {
				ASSETCATALOG_COMPILER_APPICON_NAME = AppIcon;
				CLANG_ENABLE_MODULES = YES;
				CODE_SIGN_STYLE = Automatic;
				FRAMEWORK_SEARCH_PATHS = (
					"$(inherited)",
					"$(PROJECT_DIR)/Carthage/Build/iOS",
				);
				INFOPLIST_FILE = TDDSample/SupportingFiles/Info.plist;
				LD_RUNPATH_SEARCH_PATHS = "$(inherited) @executable_path/Frameworks";
				PRODUCT_BUNDLE_IDENTIFIER = ysakui.TDDSample;
				PRODUCT_NAME = "$(TARGET_NAME)";
				SWIFT_OBJC_BRIDGING_HEADER = "";
				SWIFT_OPTIMIZATION_LEVEL = "-Onone";
				SWIFT_VERSION = 4.0;
				TARGETED_DEVICE_FAMILY = "1,2";
			};
			name = Debug;
		};
		0EEA114D1FEA9B5D001E326C /* Release */ = {
			isa = XCBuildConfiguration;
			buildSettings = {
				ASSETCATALOG_COMPILER_APPICON_NAME = AppIcon;
				CLANG_ENABLE_MODULES = YES;
				CODE_SIGN_STYLE = Automatic;
				FRAMEWORK_SEARCH_PATHS = (
					"$(inherited)",
					"$(PROJECT_DIR)/Carthage/Build/iOS",
				);
				INFOPLIST_FILE = TDDSample/SupportingFiles/Info.plist;
				LD_RUNPATH_SEARCH_PATHS = "$(inherited) @executable_path/Frameworks";
				PRODUCT_BUNDLE_IDENTIFIER = ysakui.TDDSample;
				PRODUCT_NAME = "$(TARGET_NAME)";
				SWIFT_OBJC_BRIDGING_HEADER = "";
				SWIFT_VERSION = 4.0;
				TARGETED_DEVICE_FAMILY = "1,2";
			};
			name = Release;
		};
		0EEA114F1FEA9B5D001E326C /* Debug */ = {
			isa = XCBuildConfiguration;
			buildSettings = {
				ALWAYS_EMBED_SWIFT_STANDARD_LIBRARIES = YES;
				BUNDLE_LOADER = "$(TEST_HOST)";
				CODE_SIGN_STYLE = Automatic;
				FRAMEWORK_SEARCH_PATHS = (
					"$(inherited)",
					"$(PROJECT_DIR)/Carthage/Build/iOS",
				);
				INFOPLIST_FILE = TDDSampleTests/Info.plist;
				LD_RUNPATH_SEARCH_PATHS = "$(inherited) @executable_path/Frameworks @loader_path/Frameworks";
				PRODUCT_BUNDLE_IDENTIFIER = ysakui.TDDSampleTests;
				PRODUCT_NAME = "$(TARGET_NAME)";
				SWIFT_OBJC_INTERFACE_HEADER_NAME = "";
				SWIFT_VERSION = 4.0;
				TARGETED_DEVICE_FAMILY = "1,2";
				TEST_HOST = "$(BUILT_PRODUCTS_DIR)/TDDSample.app/TDDSample";
			};
			name = Debug;
		};
		0EEA11501FEA9B5D001E326C /* Release */ = {
			isa = XCBuildConfiguration;
			buildSettings = {
				ALWAYS_EMBED_SWIFT_STANDARD_LIBRARIES = YES;
				BUNDLE_LOADER = "$(TEST_HOST)";
				CODE_SIGN_STYLE = Automatic;
				FRAMEWORK_SEARCH_PATHS = (
					"$(inherited)",
					"$(PROJECT_DIR)/Carthage/Build/iOS",
				);
				INFOPLIST_FILE = TDDSampleTests/Info.plist;
				LD_RUNPATH_SEARCH_PATHS = "$(inherited) @executable_path/Frameworks @loader_path/Frameworks";
				PRODUCT_BUNDLE_IDENTIFIER = ysakui.TDDSampleTests;
				PRODUCT_NAME = "$(TARGET_NAME)";
				SWIFT_OBJC_INTERFACE_HEADER_NAME = "";
				SWIFT_VERSION = 4.0;
				TARGETED_DEVICE_FAMILY = "1,2";
				TEST_HOST = "$(BUILT_PRODUCTS_DIR)/TDDSample.app/TDDSample";
			};
			name = Release;
		};
/* End XCBuildConfiguration section */

/* Begin XCConfigurationList section */
		0EEA11291FEA9B5D001E326C /* Build configuration list for PBXProject "TDDSample" */ = {
			isa = XCConfigurationList;
			buildConfigurations = (
				0EEA11491FEA9B5D001E326C /* Debug */,
				0EEA114A1FEA9B5D001E326C /* Release */,
			);
			defaultConfigurationIsVisible = 0;
			defaultConfigurationName = Release;
		};
		0EEA114B1FEA9B5D001E326C /* Build configuration list for PBXNativeTarget "TDDSample" */ = {
			isa = XCConfigurationList;
			buildConfigurations = (
				0EEA114C1FEA9B5D001E326C /* Debug */,
				0EEA114D1FEA9B5D001E326C /* Release */,
			);
			defaultConfigurationIsVisible = 0;
			defaultConfigurationName = Release;
		};
		0EEA114E1FEA9B5D001E326C /* Build configuration list for PBXNativeTarget "TDDSampleTests" */ = {
			isa = XCConfigurationList;
			buildConfigurations = (
				0EEA114F1FEA9B5D001E326C /* Debug */,
				0EEA11501FEA9B5D001E326C /* Release */,
			);
			defaultConfigurationIsVisible = 0;
			defaultConfigurationName = Release;
		};
/* End XCConfigurationList section */
	};
	rootObject = 0EEA11261FEA9B5D001E326C /* Project object */;
}
